// !$*UTF8*$!
{
	archiveVersion = 1;
	classes = {
	};
	objectVersion = 46;
	objects = {

/* Begin PBXBuildFile section */
		6A6527231CA4290700E9388B /* AppDelegate.swift in Sources */ = {isa = PBXBuildFile; fileRef = 6A6527221CA4290700E9388B /* AppDelegate.swift */; };
		6A6527251CA4290700E9388B /* ViewController.swift in Sources */ = {isa = PBXBuildFile; fileRef = 6A6527241CA4290700E9388B /* ViewController.swift */; };
		6A6527281CA4290700E9388B /* Main.storyboard in Resources */ = {isa = PBXBuildFile; fileRef = 6A6527261CA4290700E9388B /* Main.storyboard */; };
		6A65272A1CA4290700E9388B /* Assets.xcassets in Resources */ = {isa = PBXBuildFile; fileRef = 6A6527291CA4290700E9388B /* Assets.xcassets */; };
		6A65272D1CA4290700E9388B /* LaunchScreen.storyboard in Resources */ = {isa = PBXBuildFile; fileRef = 6A65272B1CA4290700E9388B /* LaunchScreen.storyboard */; };
		6A6527351CA429FF00E9388B /* LeftViewController.swift in Sources */ = {isa = PBXBuildFile; fileRef = 6A6527341CA429FF00E9388B /* LeftViewController.swift */; };
		6A6527371CA42B8C00E9388B /* SlidingPanelController.swift in Sources */ = {isa = PBXBuildFile; fileRef = 6A6527361CA42B8C00E9388B /* SlidingPanelController.swift */; };
/* End PBXBuildFile section */

/* Begin PBXFileReference section */
		6A65271F1CA4290700E9388B /* SlidingPanel.app */ = {isa = PBXFileReference; explicitFileType = wrapper.application; includeInIndex = 0; path = SlidingPanel.app; sourceTree = BUILT_PRODUCTS_DIR; };
		6A6527221CA4290700E9388B /* AppDelegate.swift */ = {isa = PBXFileReference; lastKnownFileType = sourcecode.swift; path = AppDelegate.swift; sourceTree = "<group>"; };
		6A6527241CA4290700E9388B /* ViewController.swift */ = {isa = PBXFileReference; lastKnownFileType = sourcecode.swift; path = ViewController.swift; sourceTree = "<group>"; };
		6A6527271CA4290700E9388B /* Base */ = {isa = PBXFileReference; lastKnownFileType = file.storyboard; name = Base; path = Base.lproj/Main.storyboard; sourceTree = "<group>"; };
		6A6527291CA4290700E9388B /* Assets.xcassets */ = {isa = PBXFileReference; lastKnownFileType = folder.assetcatalog; path = Assets.xcassets; sourceTree = "<group>"; };
		6A65272C1CA4290700E9388B /* Base */ = {isa = PBXFileReference; lastKnownFileType = file.storyboard; name = Base; path = Base.lproj/LaunchScreen.storyboard; sourceTree = "<group>"; };
		6A65272E1CA4290700E9388B /* Info.plist */ = {isa = PBXFileReference; lastKnownFileType = text.plist.xml; path = Info.plist; sourceTree = "<group>"; };
		6A6527341CA429FF00E9388B /* LeftViewController.swift */ = {isa = PBXFileReference; fileEncoding = 4; lastKnownFileType = sourcecode.swift; path = LeftViewController.swift; sourceTree = "<group>"; };
		6A6527361CA42B8C00E9388B /* SlidingPanelController.swift */ = {isa = PBXFileReference; fileEncoding = 4; lastKnownFileType = sourcecode.swift; path = SlidingPanelController.swift; sourceTree = "<group>"; };
/* End PBXFileReference section */

/* Begin PBXFrameworksBuildPhase section */
		6A65271C1CA4290700E9388B /* Frameworks */ = {
			isa = PBXFrameworksBuildPhase;
			buildActionMask = 2147483647;
			files = (
			);
			runOnlyForDeploymentPostprocessing = 0;
		};
/* End PBXFrameworksBuildPhase section */

/* Begin PBXGroup section */
		6A6527161CA4290700E9388B = {
			isa = PBXGroup;
			children = (
				6A6527211CA4290700E9388B /* SlidingPanel */,
				6A6527201CA4290700E9388B /* Products */,
			);
			sourceTree = "<group>";
		};
		6A6527201CA4290700E9388B /* Products */ = {
			isa = PBXGroup;
			children = (
				6A65271F1CA4290700E9388B /* SlidingPanel.app */,
			);
			name = Products;
			sourceTree = "<group>";
		};
		6A6527211CA4290700E9388B /* SlidingPanel */ = {
			isa = PBXGroup;
			children = (
				6A6527221CA4290700E9388B /* AppDelegate.swift */,
				6A6527241CA4290700E9388B /* ViewController.swift */,
				6A6527341CA429FF00E9388B /* LeftViewController.swift */,
				6A6527361CA42B8C00E9388B /* SlidingPanelController.swift */,
				6A6527261CA4290700E9388B /* Main.storyboard */,
				6A6527291CA4290700E9388B /* Assets.xcassets */,
				6A65272B1CA4290700E9388B /* LaunchScreen.storyboard */,
				6A65272E1CA4290700E9388B /* Info.plist */,
			);
			path = SlidingPanel;
			sourceTree = "<group>";
		};
/* End PBXGroup section */

/* Begin PBXNativeTarget section */
		6A65271E1CA4290700E9388B /* SlidingPanel */ = {
			isa = PBXNativeTarget;
			buildConfigurationList = 6A6527311CA4290700E9388B /* Build configuration list for PBXNativeTarget "SlidingPanel" */;
			buildPhases = (
				6A65271B1CA4290700E9388B /* Sources */,
				6A65271C1CA4290700E9388B /* Frameworks */,
				6A65271D1CA4290700E9388B /* Resources */,
			);
			buildRules = (
			);
			dependencies = (
			);
			name = SlidingPanel;
			productName = SlidingPanel;
			productReference = 6A65271F1CA4290700E9388B /* SlidingPanel.app */;
			productType = "com.apple.product-type.application";
		};
/* End PBXNativeTarget section */

/* Begin PBXProject section */
		6A6527171CA4290700E9388B /* Project object */ = {
			isa = PBXProject;
			attributes = {
				LastSwiftUpdateCheck = 0720;
				LastUpgradeCheck = 0720;
				ORGANIZATIONNAME = "Ardalan Samimi";
				TargetAttributes = {
					6A65271E1CA4290700E9388B = {
						CreatedOnToolsVersion = 7.2.1;
						DevelopmentTeam = V957W2XWQV;
					};
				};
			};
			buildConfigurationList = 6A65271A1CA4290700E9388B /* Build configuration list for PBXProject "SlidingPanel" */;
			compatibilityVersion = "Xcode 3.2";
			developmentRegion = English;
			hasScannedForEncodings = 0;
			knownRegions = (
				en,
				Base,
			);
			mainGroup = 6A6527161CA4290700E9388B;
			productRefGroup = 6A6527201CA4290700E9388B /* Products */;
			projectDirPath = "";
			projectRoot = "";
			targets = (
				6A65271E1CA4290700E9388B /* SlidingPanel */,
			);
		};
/* End PBXProject section */

/* Begin PBXResourcesBuildPhase section */
		6A65271D1CA4290700E9388B /* Resources */ = {
			isa = PBXResourcesBuildPhase;
			buildActionMask = 2147483647;
			files = (
				6A65272D1CA4290700E9388B /* LaunchScreen.storyboard in Resources */,
				6A65272A1CA4290700E9388B /* Assets.xcassets in Resources */,
				6A6527281CA4290700E9388B /* Main.storyboard in Resources */,
			);
			runOnlyForDeploymentPostprocessing = 0;
		};
/* End PBXResourcesBuildPhase section */

/* Begin PBXSourcesBuildPhase section */
		6A65271B1CA4290700E9388B /* Sources */ = {
			isa = PBXSourcesBuildPhase;
			buildActionMask = 2147483647;
			files = (
				6A6527351CA429FF00E9388B /* LeftViewController.swift in Sources */,
				6A6527371CA42B8C00E9388B /* SlidingPanelController.swift in Sources */,
				6A6527251CA4290700E9388B /* ViewController.swift in Sources */,
				6A6527231CA4290700E9388B /* AppDelegate.swift in Sources */,
			);
			runOnlyForDeploymentPostprocessing = 0;
		};
/* End PBXSourcesBuildPhase section */

/* Begin PBXVariantGroup section */
		6A6527261CA4290700E9388B /* Main.storyboard */ = {
			isa = PBXVariantGroup;
			children = (
				6A6527271CA4290700E9388B /* Base */,
			);
			name = Main.storyboard;
			sourceTree = "<group>";
		};
		6A65272B1CA4290700E9388B /* LaunchScreen.storyboard */ = {
			isa = PBXVariantGroup;
			children = (
				6A65272C1CA4290700E9388B /* Base */,
			);
			name = LaunchScreen.storyboard;
			sourceTree = "<group>";
		};
/* End PBXVariantGroup section */

/* Begin XCBuildConfiguration section */
		6A65272F1CA4290700E9388B /* Debug */ = {
			isa = XCBuildConfiguration;
			buildSettings = {
				ALWAYS_SEARCH_USER_PATHS = NO;
				CLANG_CXX_LANGUAGE_STANDARD = "gnu++0x";
				CLANG_CXX_LIBRARY = "libc++";
				CLANG_ENABLE_MODULES = YES;
				CLANG_ENABLE_OBJC_ARC = YES;
				CLANG_WARN_BOOL_CONVERSION = YES;
				CLANG_WARN_CONSTANT_CONVERSION = YES;
				CLANG_WARN_DIRECT_OBJC_ISA_USAGE = YES_ERROR;
				CLANG_WARN_EMPTY_BODY = YES;
				CLANG_WARN_ENUM_CONVERSION = YES;
				CLANG_WARN_INT_CONVERSION = YES;
				CLANG_WARN_OBJC_ROOT_CLASS = YES_ERROR;
				CLANG_WARN_UNREACHABLE_CODE = YES;
				CLANG_WARN__DUPLICATE_METHOD_MATCH = YES;
				"CODE_SIGN_IDENTITY[sdk=iphoneos*]" = "iPhone Developer";
				COPY_PHASE_STRIP = NO;
				DEBUG_INFORMATION_FORMAT = dwarf;
				ENABLE_STRICT_OBJC_MSGSEND = YES;
				ENABLE_TESTABILITY = YES;
				GCC_C_LANGUAGE_STANDARD = gnu99;
				GCC_DYNAMIC_NO_PIC = NO;
				GCC_NO_COMMON_BLOCKS = YES;
				GCC_OPTIMIZATION_LEVEL = 0;
				GCC_PREPROCESSOR_DEFINITIONS = (
					"DEBUG=1",
					"$(inherited)",
				);
				GCC_WARN_64_TO_32_BIT_CONVERSION = YES;
				GCC_WARN_ABOUT_RETURN_TYPE = YES_ERROR;
				GCC_WARN_UNDECLARED_SELECTOR = YES;
				GCC_WARN_UNINITIALIZED_AUTOS = YES_AGGRESSIVE;
				GCC_WARN_UNUSED_FUNCTION = YES;
				GCC_WARN_UNUSED_VARIABLE = YES;
				IPHONEOS_DEPLOYMENT_TARGET = 9.2;
				MTL_ENABLE_DEBUG_INFO = YES;
				ONLY_ACTIVE_ARCH = YES;
				SDKROOT = iphoneos;
				SWIFT_OPTIMIZATION_LEVEL = "-Onone";
			};
			name = Debug;
		};
		6A6527301CA4290700E9388B /* Release */ = {
			isa = XCBuildConfiguration;
			buildSettings = {
				ALWAYS_SEARCH_USER_PATHS = NO;
				CLANG_CXX_LANGUAGE_STANDARD = "gnu++0x";
				CLANG_CXX_LIBRARY = "libc++";
				CLANG_ENABLE_MODULES = YES;
				CLANG_ENABLE_OBJC_ARC = YES;
				CLANG_WARN_BOOL_CONVERSION = YES;
				CLANG_WARN_CONSTANT_CONVERSION = YES;
				CLANG_WARN_DIRECT_OBJC_ISA_USAGE = YES_ERROR;
				CLANG_WARN_EMPTY_BODY = YES;
				CLANG_WARN_ENUM_CONVERSION = YES;
				CLANG_WARN_INT_CONVERSION = YES;
				CLANG_WARN_OBJC_ROOT_CLASS = YES_ERROR;
				CLANG_WARN_UNREACHABLE_CODE = YES;
				CLANG_WARN__DUPLICATE_METHOD_MATCH = YES;
				"CODE_SIGN_IDENTITY[sdk=iphoneos*]" = "iPhone Developer";
				COPY_PHASE_STRIP = NO;
				DEBUG_INFORMATION_FORMAT = "dwarf-with-dsym";
				ENABLE_NS_ASSERTIONS = NO;
				ENABLE_STRICT_OBJC_MSGSEND = YES;
				GCC_C_LANGUAGE_STANDARD = gnu99;
				GCC_NO_COMMON_BLOCKS = YES;
				GCC_WARN_64_TO_32_BIT_CONVERSION = YES;
				GCC_WARN_ABOUT_RETURN_TYPE = YES_ERROR;
				GCC_WARN_UNDECLARED_SELECTOR = YES;
				GCC_WARN_UNINITIALIZED_AUTOS = YES_AGGRESSIVE;
				GCC_WARN_UNUSED_FUNCTION = YES;
				GCC_WARN_UNUSED_VARIABLE = YES;
				IPHONEOS_DEPLOYMENT_TARGET = 9.2;
				MTL_ENABLE_DEBUG_INFO = NO;
				SDKROOT = iphoneos;
				VALIDATE_PRODUCT = YES;
			};
			name = Release;
		};
		6A6527321CA4290700E9388B /* Debug */ = {
			isa = XCBuildConfiguration;
			buildSettings = {
				ASSETCATALOG_COMPILER_APPICON_NAME = AppIcon;
				INFOPLIST_FILE = SlidingPanel/Info.plist;
				IPHONEOS_DEPLOYMENT_TARGET = 8.0;
				LD_RUNPATH_SEARCH_PATHS = "$(inherited) @executable_path/Frameworks";
				PRODUCT_BUNDLE_IDENTIFIER = com.ardalansamimi.SlidingPanel;
				PRODUCT_NAME = "$(TARGET_NAME)";
			};
			name = Debug;
		};
		6A6527331CA4290700E9388B /* Release */ = {
			isa = XCBuildConfiguration;
			buildSettings = {
				ASSETCATALOG_COMPILER_APPICON_NAME = AppIcon;
				INFOPLIST_FILE = SlidingPanel/Info.plist;
				IPHONEOS_DEPLOYMENT_TARGET = 8.0;
				LD_RUNPATH_SEARCH_PATHS = "$(inherited) @executable_path/Frameworks";
				PRODUCT_BUNDLE_IDENTIFIER = com.ardalansamimi.SlidingPanel;
				PRODUCT_NAME = "$(TARGET_NAME)";
			};
			name = Release;
		};
/* End XCBuildConfiguration section */

/* Begin XCConfigurationList section */
		6A65271A1CA4290700E9388B /* Build configuration list for PBXProject "SlidingPanel" */ = {
			isa = XCConfigurationList;
			buildConfigurations = (
				6A65272F1CA4290700E9388B /* Debug */,
				6A6527301CA4290700E9388B /* Release */,
			);
			defaultConfigurationIsVisible = 0;
			defaultConfigurationName = Release;
		};
		6A6527311CA4290700E9388B /* Build configuration list for PBXNativeTarget "SlidingPanel" */ = {
			isa = XCConfigurationList;
			buildConfigurations = (
				6A6527321CA4290700E9388B /* Debug */,
				6A6527331CA4290700E9388B /* Release */,
			);
			defaultConfigurationIsVisible = 0;
		};
/* End XCConfigurationList section */
	};
	rootObject = 6A6527171CA4290700E9388B /* Project object */;
}
